<?xml version="1.0" encoding="utf-8"?>
<Project ToolsVersion="4.0" xmlns="http://schemas.microsoft.com/developer/msbuild/2003">
  <ItemGroup>
    <Filter Include="Header Files">
      <UniqueIdentifier>{93995380-89BD-4b04-88EB-625FBE52EBFB}</UniqueIdentifier>
      <Extensions>h;hpp;hxx;hm;inl;inc;xsd</Extensions>
    </Filter>
    <Filter Include="Resource Files">
      <UniqueIdentifier>{67DA6AB6-F800-4c08-8B7A-83BB121AAD01}</UniqueIdentifier>
      <Extensions>rc;ico;cur;bmp;dlg;rc2;rct;bin;rgs;gif;jpg;jpeg;jpe;resx</Extensions>
    </Filter>
    <Filter Include="Source Files">
      <UniqueIdentifier>{4FC737F1-C7A5-4376-A066-2A32D752A2FF}</UniqueIdentifier>
      <Extensions>cpp;c;cc;cxx;def;odl;idl;hpj;bat;asm;asmx</Extensions>
    </Filter>
  </ItemGroup>
  <ItemGroup>
    <ClInclude Include="amigaos.h">
      <Filter>Header Files</Filter>
    </ClInclude>
    <ClInclude Include="arpa_telnet.h">
      <Filter>Header Files</Filter>
    </ClInclude>
    <ClInclude Include="asyn.h">
      <Filter>Header Files</Filter>
    </ClInclude>
    <ClInclude Include="vtls\axtls.h">
      <Filter>Header Files</Filter>
    </ClInclude>
    <ClInclude Include="bundles.h">
      <Filter>Header Files</Filter>
    </ClInclude>
    <ClInclude Include="config-amigaos.h">
      <Filter>Header Files</Filter>
    </ClInclude>
    <ClInclude Include="config-android.h">
      <Filter>Header Files</Filter>
    </ClInclude>
    <ClInclude Include="config-dos.h">
      <Filter>Header Files</Filter>
    </ClInclude>
    <ClInclude Include="config-mac.h">
      <Filter>Header Files</Filter>
    </ClInclude>
    <ClInclude Include="config-os400.h">
      <Filter>Header Files</Filter>
    </ClInclude>
    <ClInclude Include="config-riscos.h">
      <Filter>Header Files</Filter>
    </ClInclude>
    <ClInclude Include="config-symbian.h">
      <Filter>Header Files</Filter>
    </ClInclude>
    <ClInclude Include="config-tpf.h">
      <Filter>Header Files</Filter>
    </ClInclude>
    <ClInclude Include="config-vxworks.h">
      <Filter>Header Files</Filter>
    </ClInclude>
    <ClInclude Include="config-win32.h">
      <Filter>Header Files</Filter>
    </ClInclude>
    <ClInclude Include="config-win32ce.h">
      <Filter>Header Files</Filter>
    </ClInclude>
    <ClInclude Include="conncache.h">
      <Filter>Header Files</Filter>
    </ClInclude>
    <ClInclude Include="connect.h">
      <Filter>Header Files</Filter>
    </ClInclude>
    <ClInclude Include="content_encoding.h">
      <Filter>Header Files</Filter>
    </ClInclude>
    <ClInclude Include="cookie.h">
      <Filter>Header Files</Filter>
    </ClInclude>
    <ClInclude Include="include\curl\curl.h">
      <Filter>Header Files</Filter>
    </ClInclude>
    <ClInclude Include="curl_addrinfo.h">
      <Filter>Header Files</Filter>
    </ClInclude>
    <ClInclude Include="curl_base64.h">
      <Filter>Header Files</Filter>
    </ClInclude>
    <ClInclude Include="curl_des.h">
      <Filter>Header Files</Filter>
    </ClInclude>
    <ClInclude Include="curl_endian.h">
      <Filter>Header Files</Filter>
    </ClInclude>
    <ClInclude Include="curl_fnmatch.h">
      <Filter>Header Files</Filter>
    </ClInclude>
    <ClInclude Include="curl_gethostname.h">
      <Filter>Header Files</Filter>
    </ClInclude>
    <ClInclude Include="curl_gssapi.h">
      <Filter>Header Files</Filter>
    </ClInclude>
    <ClInclude Include="curl_hmac.h">
      <Filter>Header Files</Filter>
    </ClInclude>
    <ClInclude Include="curl_ldap.h">
      <Filter>Header Files</Filter>
    </ClInclude>
    <ClInclude Include="curl_md4.h">
      <Filter>Header Files</Filter>
    </ClInclude>
    <ClInclude Include="curl_md5.h">
      <Filter>Header Files</Filter>
    </ClInclude>
    <ClInclude Include="curl_memory.h">
      <Filter>Header Files</Filter>
    </ClInclude>
    <ClInclude Include="curl_memrchr.h">
      <Filter>Header Files</Filter>
    </ClInclude>
    <ClInclude Include="curl_multibyte.h">
      <Filter>Header Files</Filter>
    </ClInclude>
    <ClInclude Include="curl_ntlm.h">
      <Filter>Header Files</Filter>
    </ClInclude>
    <ClInclude Include="curl_ntlm_core.h">
      <Filter>Header Files</Filter>
    </ClInclude>
    <ClInclude Include="curl_ntlm_msgs.h">
      <Filter>Header Files</Filter>
    </ClInclude>
    <ClInclude Include="curl_ntlm_wb.h">
      <Filter>Header Files</Filter>
    </ClInclude>
    <ClInclude Include="curl_printf.h">
      <Filter>Header Files</Filter>
    </ClInclude>
    <ClInclude Include="curl_rtmp.h">
      <Filter>Header Files</Filter>
    </ClInclude>
    <ClInclude Include="curl_sasl.h">
      <Filter>Header Files</Filter>
    </ClInclude>
    <ClInclude Include="curl_sec.h">
      <Filter>Header Files</Filter>
    </ClInclude>
    <ClInclude Include="curl_setup.h">
      <Filter>Header Files</Filter>
    </ClInclude>
    <ClInclude Include="curl_setup_once.h">
      <Filter>Header Files</Filter>
    </ClInclude>
    <ClInclude Include="curl_sspi.h">
      <Filter>Header Files</Filter>
    </ClInclude>
    <ClInclude Include="curl_threads.h">
      <Filter>Header Files</Filter>
    </ClInclude>
    <ClInclude Include="include\curl\curlbuild.h">
      <Filter>Header Files</Filter>
    </ClInclude>
    <ClInclude Include="include\curl\curlrules.h">
      <Filter>Header Files</Filter>
    </ClInclude>
    <ClInclude Include="include\curl\curlver.h">
      <Filter>Header Files</Filter>
    </ClInclude>
    <ClInclude Include="curlx.h">
      <Filter>Header Files</Filter>
    </ClInclude>
    <ClInclude Include="vtls\cyassl.h">
      <Filter>Header Files</Filter>
    </ClInclude>
    <ClInclude Include="vtls\darwinssl.h">
      <Filter>Header Files</Filter>
    </ClInclude>
    <ClInclude Include="dict.h">
      <Filter>Header Files</Filter>
    </ClInclude>
    <ClInclude Include="dotdot.h">
      <Filter>Header Files</Filter>
    </ClInclude>
    <ClInclude Include="include\curl\easy.h">
      <Filter>Header Files</Filter>
    </ClInclude>
    <ClInclude Include="easyif.h">
      <Filter>Header Files</Filter>
    </ClInclude>
    <ClInclude Include="escape.h">
      <Filter>Header Files</Filter>
    </ClInclude>
    <ClInclude Include="file.h">
      <Filter>Header Files</Filter>
    </ClInclude>
    <ClInclude Include="fileinfo.h">
      <Filter>Header Files</Filter>
    </ClInclude>
    <ClInclude Include="formdata.h">
      <Filter>Header Files</Filter>
    </ClInclude>
    <ClInclude Include="ftp.h">
      <Filter>Header Files</Filter>
    </ClInclude>
    <ClInclude Include="ftplistparser.h">
      <Filter>Header Files</Filter>
    </ClInclude>
    <ClInclude Include="getinfo.h">
      <Filter>Header Files</Filter>
    </ClInclude>
    <ClInclude Include="gopher.h">
      <Filter>Header Files</Filter>
    </ClInclude>
    <ClInclude Include="vtls\gskit.h">
      <Filter>Header Files</Filter>
    </ClInclude>
    <ClInclude Include="vtls\gtls.h">
      <Filter>Header Files</Filter>
    </ClInclude>
    <ClInclude Include="hash.h">
      <Filter>Header Files</Filter>
    </ClInclude>
    <ClInclude Include="hostcheck.h">
      <Filter>Header Files</Filter>
    </ClInclude>
    <ClInclude Include="hostip.h">
      <Filter>Header Files</Filter>
    </ClInclude>
    <ClInclude Include="http.h">
      <Filter>Header Files</Filter>
    </ClInclude>
    <ClInclude Include="http2.h">
      <Filter>Header Files</Filter>
    </ClInclude>
    <ClInclude Include="http_chunks.h">
      <Filter>Header Files</Filter>
    </ClInclude>
    <ClInclude Include="http_digest.h">
      <Filter>Header Files</Filter>
    </ClInclude>
    <ClInclude Include="http_negotiate.h">
      <Filter>Header Files</Filter>
    </ClInclude>
    <ClInclude Include="http_proxy.h">
      <Filter>Header Files</Filter>
    </ClInclude>
    <ClInclude Include="if2ip.h">
      <Filter>Header Files</Filter>
    </ClInclude>
    <ClInclude Include="imap.h">
      <Filter>Header Files</Filter>
    </ClInclude>
    <ClInclude Include="inet_ntop.h">
      <Filter>Header Files</Filter>
    </ClInclude>
    <ClInclude Include="inet_pton.h">
      <Filter>Header Files</Filter>
    </ClInclude>
    <ClInclude Include="llist.h">
      <Filter>Header Files</Filter>
    </ClInclude>
    <ClInclude Include="memdebug.h">
      <Filter>Header Files</Filter>
    </ClInclude>
    <ClInclude Include="include\curl\mprintf.h">
      <Filter>Header Files</Filter>
    </ClInclude>
    <ClInclude Include="include\curl\multi.h">
      <Filter>Header Files</Filter>
    </ClInclude>
    <ClInclude Include="multihandle.h">
      <Filter>Header Files</Filter>
    </ClInclude>
    <ClInclude Include="multiif.h">
      <Filter>Header Files</Filter>
    </ClInclude>
    <ClInclude Include="netrc.h">
      <Filter>Header Files</Filter>
    </ClInclude>
    <ClInclude Include="non-ascii.h">
      <Filter>Header Files</Filter>
    </ClInclude>
    <ClInclude Include="nonblock.h">
      <Filter>Header Files</Filter>
    </ClInclude>
    <ClInclude Include="vtls\nssg.h">
      <Filter>Header Files</Filter>
    </ClInclude>
    <ClInclude Include="vtls\openssl.h">
      <Filter>Header Files</Filter>
    </ClInclude>
    <ClInclude Include="parsedate.h">
      <Filter>Header Files</Filter>
    </ClInclude>
    <ClInclude Include="pingpong.h">
      <Filter>Header Files</Filter>
    </ClInclude>
    <ClInclude Include="pipeline.h">
      <Filter>Header Files</Filter>
    </ClInclude>
    <ClInclude Include="vtls\polarssl.h">
      <Filter>Header Files</Filter>
    </ClInclude>
    <ClInclude Include="vtls\polarssl_threadlock.h">
      <Filter>Header Files</Filter>
    </ClInclude>
    <ClInclude Include="pop3.h">
      <Filter>Header Files</Filter>
    </ClInclude>
    <ClInclude Include="progress.h">
      <Filter>Header Files</Filter>
    </ClInclude>
    <ClInclude Include="rawstr.h">
      <Filter>Header Files</Filter>
    </ClInclude>
    <ClInclude Include="rtsp.h">
      <Filter>Header Files</Filter>
    </ClInclude>
    <ClInclude Include="vtls\schannel.h">
      <Filter>Header Files</Filter>
    </ClInclude>
    <ClInclude Include="select.h">
      <Filter>Header Files</Filter>
    </ClInclude>
    <ClInclude Include="sendf.h">
      <Filter>Header Files</Filter>
    </ClInclude>
    <ClInclude Include="setup-os400.h">
      <Filter>Header Files</Filter>
    </ClInclude>
    <ClInclude Include="setup-vms.h">
      <Filter>Header Files</Filter>
    </ClInclude>
    <ClInclude Include="share.h">
      <Filter>Header Files</Filter>
    </ClInclude>
    <ClInclude Include="sigpipe.h">
      <Filter>Header Files</Filter>
    </ClInclude>
    <ClInclude Include="slist.h">
      <Filter>Header Files</Filter>
    </ClInclude>
    <ClInclude Include="smb.h">
      <Filter>Header Files</Filter>
    </ClInclude>
    <ClInclude Include="smtp.h">
      <Filter>Header Files</Filter>
    </ClInclude>
    <ClInclude Include="sockaddr.h">
      <Filter>Header Files</Filter>
    </ClInclude>
    <ClInclude Include="socks.h">
      <Filter>Header Files</Filter>
    </ClInclude>
    <ClInclude Include="speedcheck.h">
      <Filter>Header Files</Filter>
    </ClInclude>
    <ClInclude Include="splay.h">
      <Filter>Header Files</Filter>
    </ClInclude>
    <ClInclude Include="ssh.h">
      <Filter>Header Files</Filter>
    </ClInclude>
    <ClInclude Include="include\curl\stdcheaders.h">
      <Filter>Header Files</Filter>
    </ClInclude>
    <ClInclude Include="strdup.h">
      <Filter>Header Files</Filter>
    </ClInclude>
    <ClInclude Include="strequal.h">
      <Filter>Header Files</Filter>
    </ClInclude>
    <ClInclude Include="strerror.h">
      <Filter>Header Files</Filter>
    </ClInclude>
    <ClInclude Include="strtok.h">
      <Filter>Header Files</Filter>
    </ClInclude>
    <ClInclude Include="strtoofft.h">
      <Filter>Header Files</Filter>
    </ClInclude>
    <ClInclude Include="telnet.h">
      <Filter>Header Files</Filter>
    </ClInclude>
    <ClInclude Include="tftp.h">
      <Filter>Header Files</Filter>
    </ClInclude>
    <ClInclude Include="timeval.h">
      <Filter>Header Files</Filter>
    </ClInclude>
    <ClInclude Include="transfer.h">
      <Filter>Header Files</Filter>
    </ClInclude>
    <ClInclude Include="include\curl\typecheck-gcc.h">
      <Filter>Header Files</Filter>
    </ClInclude>
    <ClInclude Include="url.h">
      <Filter>Header Files</Filter>
    </ClInclude>
    <ClInclude Include="urldata.h">
      <Filter>Header Files</Filter>
    </ClInclude>
    <ClInclude Include="vtls\vtls.h">
      <Filter>Header Files</Filter>
    </ClInclude>
    <ClInclude Include="warnless.h">
      <Filter>Header Files</Filter>
    </ClInclude>
    <ClInclude Include="wildcard.h">
      <Filter>Header Files</Filter>
    </ClInclude>
    <ClInclude Include="x509asn1.h">
      <Filter>Header Files</Filter>
    </ClInclude>
    <ClInclude Include="include\mbedTLS\aes.h">
      <Filter>Header Files</Filter>
    </ClInclude>
    <ClInclude Include="include\mbedTLS\aesni.h">
      <Filter>Header Files</Filter>
    </ClInclude>
    <ClInclude Include="include\mbedTLS\arc4.h">
      <Filter>Header Files</Filter>
    </ClInclude>
    <ClInclude Include="include\mbedTLS\aria.h">
      <Filter>Header Files</Filter>
    </ClInclude>
    <ClInclude Include="include\mbedTLS\asn1.h">
      <Filter>Header Files</Filter>
    </ClInclude>
    <ClInclude Include="include\mbedTLS\asn1write.h">
      <Filter>Header Files</Filter>
    </ClInclude>
    <ClInclude Include="include\mbedTLS\base64.h">
      <Filter>Header Files</Filter>
    </ClInclude>
    <ClInclude Include="include\mbedTLS\bignum.h">
      <Filter>Header Files</Filter>
    </ClInclude>
    <ClInclude Include="include\mbedTLS\blowfish.h">
      <Filter>Header Files</Filter>
    </ClInclude>
    <ClInclude Include="include\mbedTLS\bn_mul.h">
      <Filter>Header Files</Filter>
    </ClInclude>
    <ClInclude Include="include\mbedTLS\camellia.h">
      <Filter>Header Files</Filter>
    </ClInclude>
    <ClInclude Include="include\mbedTLS\ccm.h">
      <Filter>Header Files</Filter>
    </ClInclude>
    <ClInclude Include="include\mbedTLS\certs.h">
      <Filter>Header Files</Filter>
    </ClInclude>
    <ClInclude Include="include\mbedTLS\chacha20.h">
      <Filter>Header Files</Filter>
    </ClInclude>
    <ClInclude Include="include\mbedTLS\chachapoly.h">
      <Filter>Header Files</Filter>
    </ClInclude>
    <ClInclude Include="include\mbedTLS\check_config.h">
      <Filter>Header Files</Filter>
    </ClInclude>
    <ClInclude Include="include\mbedTLS\cipher.h">
      <Filter>Header Files</Filter>
    </ClInclude>
    <ClInclude Include="include\mbedTLS\cipher_internal.h">
      <Filter>Header Files</Filter>
    </ClInclude>
    <ClInclude Include="include\mbedTLS\cmac.h">
      <Filter>Header Files</Filter>
    </ClInclude>
    <ClInclude Include="include\mbedTLS\compat-1.3.h">
      <Filter>Header Files</Filter>
    </ClInclude>
    <ClInclude Include="include\mbedTLS\config.h">
      <Filter>Header Files</Filter>
    </ClInclude>
    <ClInclude Include="include\mbedTLS\ctr_drbg.h">
      <Filter>Header Files</Filter>
    </ClInclude>
    <ClInclude Include="include\mbedTLS\debug.h">
      <Filter>Header Files</Filter>
    </ClInclude>
    <ClInclude Include="include\mbedTLS\des.h">
      <Filter>Header Files</Filter>
    </ClInclude>
    <ClInclude Include="include\mbedTLS\dhm.h">
      <Filter>Header Files</Filter>
    </ClInclude>
    <ClInclude Include="include\mbedTLS\ecdh.h">
      <Filter>Header Files</Filter>
    </ClInclude>
    <ClInclude Include="include\mbedTLS\ecdsa.h">
      <Filter>Header Files</Filter>
    </ClInclude>
    <ClInclude Include="include\mbedTLS\ecjpake.h">
      <Filter>Header Files</Filter>
    </ClInclude>
    <ClInclude Include="include\mbedTLS\ecp.h">
      <Filter>Header Files</Filter>
    </ClInclude>
    <ClInclude Include="include\mbedTLS\ecp_internal.h">
      <Filter>Header Files</Filter>
    </ClInclude>
    <ClInclude Include="include\mbedTLS\entropy.h">
      <Filter>Header Files</Filter>
    </ClInclude>
    <ClInclude Include="include\mbedTLS\entropy_poll.h">
      <Filter>Header Files</Filter>
    </ClInclude>
    <ClInclude Include="include\mbedTLS\error.h">
      <Filter>Header Files</Filter>
    </ClInclude>
    <ClInclude Include="include\mbedTLS\gcm.h">
      <Filter>Header Files</Filter>
    </ClInclude>
    <ClInclude Include="include\mbedTLS\havege.h">
      <Filter>Header Files</Filter>
    </ClInclude>
    <ClInclude Include="include\mbedTLS\hkdf.h">
      <Filter>Header Files</Filter>
    </ClInclude>
    <ClInclude Include="include\mbedTLS\hmac_drbg.h">
      <Filter>Header Files</Filter>
    </ClInclude>
    <ClInclude Include="include\mbedTLS\md.h">
      <Filter>Header Files</Filter>
    </ClInclude>
    <ClInclude Include="include\mbedTLS\md2.h">
      <Filter>Header Files</Filter>
    </ClInclude>
    <ClInclude Include="include\mbedTLS\md4.h">
      <Filter>Header Files</Filter>
    </ClInclude>
    <ClInclude Include="include\mbedTLS\md5.h">
      <Filter>Header Files</Filter>
    </ClInclude>
    <ClInclude Include="include\mbedTLS\md_internal.h">
      <Filter>Header Files</Filter>
    </ClInclude>
    <ClInclude Include="include\mbedTLS\memory_buffer_alloc.h">
      <Filter>Header Files</Filter>
    </ClInclude>
    <ClInclude Include="include\mbedTLS\net.h">
      <Filter>Header Files</Filter>
    </ClInclude>
    <ClInclude Include="include\mbedTLS\net_sockets.h">
      <Filter>Header Files</Filter>
    </ClInclude>
    <ClInclude Include="include\mbedTLS\nist_kw.h">
      <Filter>Header Files</Filter>
    </ClInclude>
    <ClInclude Include="include\mbedTLS\oid.h">
      <Filter>Header Files</Filter>
    </ClInclude>
    <ClInclude Include="include\mbedTLS\padlock.h">
      <Filter>Header Files</Filter>
    </ClInclude>
    <ClInclude Include="include\mbedTLS\pem.h">
      <Filter>Header Files</Filter>
    </ClInclude>
    <ClInclude Include="include\mbedTLS\pk.h">
      <Filter>Header Files</Filter>
    </ClInclude>
    <ClInclude Include="include\mbedTLS\pkcs11.h">
      <Filter>Header Files</Filter>
    </ClInclude>
    <ClInclude Include="include\mbedTLS\pkcs12.h">
      <Filter>Header Files</Filter>
    </ClInclude>
    <ClInclude Include="include\mbedTLS\pkcs5.h">
      <Filter>Header Files</Filter>
    </ClInclude>
    <ClInclude Include="include\mbedTLS\pk_internal.h">
      <Filter>Header Files</Filter>
    </ClInclude>
    <ClInclude Include="include\mbedTLS\platform.h">
      <Filter>Header Files</Filter>
    </ClInclude>
    <ClInclude Include="include\mbedTLS\platform_time.h">
      <Filter>Header Files</Filter>
    </ClInclude>
    <ClInclude Include="include\mbedTLS\platform_util.h">
      <Filter>Header Files</Filter>
    </ClInclude>
    <ClInclude Include="include\mbedTLS\poly1305.h">
      <Filter>Header Files</Filter>
    </ClInclude>
    <ClInclude Include="include\mbedTLS\ripemd160.h">
      <Filter>Header Files</Filter>
    </ClInclude>
    <ClInclude Include="include\mbedTLS\rsa.h">
      <Filter>Header Files</Filter>
    </ClInclude>
    <ClInclude Include="include\mbedTLS\rsa_internal.h">
      <Filter>Header Files</Filter>
    </ClInclude>
    <ClInclude Include="include\mbedTLS\sha1.h">
      <Filter>Header Files</Filter>
    </ClInclude>
    <ClInclude Include="include\mbedTLS\sha256.h">
      <Filter>Header Files</Filter>
    </ClInclude>
    <ClInclude Include="include\mbedTLS\sha512.h">
      <Filter>Header Files</Filter>
    </ClInclude>
    <ClInclude Include="include\mbedTLS\ssl.h">
      <Filter>Header Files</Filter>
    </ClInclude>
    <ClInclude Include="include\mbedTLS\ssl_cache.h">
      <Filter>Header Files</Filter>
    </ClInclude>
    <ClInclude Include="include\mbedTLS\ssl_ciphersuites.h">
      <Filter>Header Files</Filter>
    </ClInclude>
    <ClInclude Include="include\mbedTLS\ssl_cookie.h">
      <Filter>Header Files</Filter>
    </ClInclude>
    <ClInclude Include="include\mbedTLS\ssl_internal.h">
      <Filter>Header Files</Filter>
    </ClInclude>
    <ClInclude Include="include\mbedTLS\ssl_ticket.h">
      <Filter>Header Files</Filter>
    </ClInclude>
    <ClInclude Include="include\mbedTLS\threading.h">
      <Filter>Header Files</Filter>
    </ClInclude>
    <ClInclude Include="include\mbedTLS\timing.h">
      <Filter>Header Files</Filter>
    </ClInclude>
    <ClInclude Include="include\mbedTLS\version.h">
      <Filter>Header Files</Filter>
    </ClInclude>
    <ClInclude Include="include\mbedTLS\x509.h">
      <Filter>Header Files</Filter>
    </ClInclude>
    <ClInclude Include="include\mbedTLS\x509_crl.h">
      <Filter>Header Files</Filter>
    </ClInclude>
    <ClInclude Include="include\mbedTLS\x509_crt.h">
      <Filter>Header Files</Filter>
    </ClInclude>
    <ClInclude Include="include\mbedTLS\x509_csr.h">
      <Filter>Header Files</Filter>
    </ClInclude>
    <ClInclude Include="include\mbedTLS\xtea.h">
      <Filter>Header Files</Filter>
    </ClInclude>
    <ClInclude Include="vauth\digest.h">
      <Filter>Header Files</Filter>
    </ClInclude>
    <ClInclude Include="vauth\ntlm.h">
      <Filter>Header Files</Filter>
    </ClInclude>
    <ClInclude Include="vauth\vauth.h">
      <Filter>Header Files</Filter>
    </ClInclude>
    <ClInclude Include="..\..\..\..\..\Paul%27s\VC Projects\SVN Projects\AGKTrunk\curl\cabundle.h">
      <Filter>Header Files</Filter>
    </ClInclude>
  </ItemGroup>
  <ItemGroup>
    <ClCompile Include="amigaos.c">
      <Filter>Source Files</Filter>
    </ClCompile>
    <ClCompile Include="asyn-ares.c">
      <Filter>Source Files</Filter>
    </ClCompile>
    <ClCompile Include="asyn-thread.c">
      <Filter>Source Files</Filter>
    </ClCompile>
    <ClCompile Include="vtls\axtls.c">
      <Filter>Source Files</Filter>
    </ClCompile>
    <ClCompile Include="base64.c">
      <Filter>Source Files</Filter>
    </ClCompile>
    <ClCompile Include="conncache.c">
      <Filter>Source Files</Filter>
    </ClCompile>
    <ClCompile Include="connect.c">
      <Filter>Source Files</Filter>
    </ClCompile>
    <ClCompile Include="content_encoding.c">
      <Filter>Source Files</Filter>
    </ClCompile>
    <ClCompile Include="cookie.c">
      <Filter>Source Files</Filter>
    </ClCompile>
    <ClCompile Include="curl_addrinfo.c">
      <Filter>Source Files</Filter>
    </ClCompile>
    <ClCompile Include="curl_des.c">
      <Filter>Source Files</Filter>
    </ClCompile>
    <ClCompile Include="curl_endian.c">
      <Filter>Source Files</Filter>
    </ClCompile>
    <ClCompile Include="curl_fnmatch.c">
      <Filter>Source Files</Filter>
    </ClCompile>
    <ClCompile Include="curl_gethostname.c">
      <Filter>Source Files</Filter>
    </ClCompile>
    <ClCompile Include="curl_gssapi.c">
      <Filter>Source Files</Filter>
    </ClCompile>
    <ClCompile Include="curl_memrchr.c">
      <Filter>Source Files</Filter>
    </ClCompile>
    <ClCompile Include="curl_multibyte.c">
      <Filter>Source Files</Filter>
    </ClCompile>
    <ClCompile Include="curl_ntlm.c">
      <Filter>Source Files</Filter>
    </ClCompile>
    <ClCompile Include="curl_ntlm_core.c">
      <Filter>Source Files</Filter>
    </ClCompile>
    <ClCompile Include="curl_ntlm_msgs.c">
      <Filter>Source Files</Filter>
    </ClCompile>
    <ClCompile Include="curl_ntlm_wb.c">
      <Filter>Source Files</Filter>
    </ClCompile>
    <ClCompile Include="curl_rtmp.c">
      <Filter>Source Files</Filter>
    </ClCompile>
    <ClCompile Include="curl_sasl.c">
      <Filter>Source Files</Filter>
    </ClCompile>
    <ClCompile Include="curl_sasl_gssapi.c">
      <Filter>Source Files</Filter>
    </ClCompile>
    <ClCompile Include="curl_sasl_sspi.c">
      <Filter>Source Files</Filter>
    </ClCompile>
    <ClCompile Include="curl_sspi.c">
      <Filter>Source Files</Filter>
    </ClCompile>
    <ClCompile Include="curl_threads.c">
      <Filter>Source Files</Filter>
    </ClCompile>
    <ClCompile Include="vtls\cyassl.c">
      <Filter>Source Files</Filter>
    </ClCompile>
    <ClCompile Include="vtls\darwinssl.c">
      <Filter>Source Files</Filter>
    </ClCompile>
    <ClCompile Include="dict.c">
      <Filter>Source Files</Filter>
    </ClCompile>
    <ClCompile Include="dotdot.c">
      <Filter>Source Files</Filter>
    </ClCompile>
    <ClCompile Include="easy.c">
      <Filter>Source Files</Filter>
    </ClCompile>
    <ClCompile Include="escape.c">
      <Filter>Source Files</Filter>
    </ClCompile>
    <ClCompile Include="file.c">
      <Filter>Source Files</Filter>
    </ClCompile>
    <ClCompile Include="fileinfo.c">
      <Filter>Source Files</Filter>
    </ClCompile>
    <ClCompile Include="formdata.c">
      <Filter>Source Files</Filter>
    </ClCompile>
    <ClCompile Include="ftp.c">
      <Filter>Source Files</Filter>
    </ClCompile>
    <ClCompile Include="ftplistparser.c">
      <Filter>Source Files</Filter>
    </ClCompile>
    <ClCompile Include="getenv.c">
      <Filter>Source Files</Filter>
    </ClCompile>
    <ClCompile Include="getinfo.c">
      <Filter>Source Files</Filter>
    </ClCompile>
    <ClCompile Include="gopher.c">
      <Filter>Source Files</Filter>
    </ClCompile>
    <ClCompile Include="vtls\gskit.c">
      <Filter>Source Files</Filter>
    </ClCompile>
    <ClCompile Include="vtls\gtls.c">
      <Filter>Source Files</Filter>
    </ClCompile>
    <ClCompile Include="hash.c">
      <Filter>Source Files</Filter>
    </ClCompile>
    <ClCompile Include="hmac.c">
      <Filter>Source Files</Filter>
    </ClCompile>
    <ClCompile Include="hostasyn.c">
      <Filter>Source Files</Filter>
    </ClCompile>
    <ClCompile Include="hostcheck.c">
      <Filter>Source Files</Filter>
    </ClCompile>
    <ClCompile Include="hostip.c">
      <Filter>Source Files</Filter>
    </ClCompile>
    <ClCompile Include="hostip4.c">
      <Filter>Source Files</Filter>
    </ClCompile>
    <ClCompile Include="hostip6.c">
      <Filter>Source Files</Filter>
    </ClCompile>
    <ClCompile Include="hostsyn.c">
      <Filter>Source Files</Filter>
    </ClCompile>
    <ClCompile Include="http.c">
      <Filter>Source Files</Filter>
    </ClCompile>
    <ClCompile Include="http2.c">
      <Filter>Source Files</Filter>
    </ClCompile>
    <ClCompile Include="http_chunks.c">
      <Filter>Source Files</Filter>
    </ClCompile>
    <ClCompile Include="http_digest.c">
      <Filter>Source Files</Filter>
    </ClCompile>
    <ClCompile Include="http_negotiate.c">
      <Filter>Source Files</Filter>
    </ClCompile>
    <ClCompile Include="http_negotiate_sspi.c">
      <Filter>Source Files</Filter>
    </ClCompile>
    <ClCompile Include="http_proxy.c">
      <Filter>Source Files</Filter>
    </ClCompile>
    <ClCompile Include="idn_win32.c">
      <Filter>Source Files</Filter>
    </ClCompile>
    <ClCompile Include="if2ip.c">
      <Filter>Source Files</Filter>
    </ClCompile>
    <ClCompile Include="imap.c">
      <Filter>Source Files</Filter>
    </ClCompile>
    <ClCompile Include="inet_ntop.c">
      <Filter>Source Files</Filter>
    </ClCompile>
    <ClCompile Include="inet_pton.c">
      <Filter>Source Files</Filter>
    </ClCompile>
    <ClCompile Include="krb5.c">
      <Filter>Source Files</Filter>
    </ClCompile>
    <ClCompile Include="ldap.c">
      <Filter>Source Files</Filter>
    </ClCompile>
    <ClCompile Include="llist.c">
      <Filter>Source Files</Filter>
    </ClCompile>
    <ClCompile Include="md4.c">
      <Filter>Source Files</Filter>
    </ClCompile>
    <ClCompile Include="md5.c">
      <Filter>Source Files</Filter>
    </ClCompile>
    <ClCompile Include="memdebug.c">
      <Filter>Source Files</Filter>
    </ClCompile>
    <ClCompile Include="mprintf.c">
      <Filter>Source Files</Filter>
    </ClCompile>
    <ClCompile Include="multi.c">
      <Filter>Source Files</Filter>
    </ClCompile>
    <ClCompile Include="netrc.c">
      <Filter>Source Files</Filter>
    </ClCompile>
    <ClCompile Include="non-ascii.c">
      <Filter>Source Files</Filter>
    </ClCompile>
    <ClCompile Include="nonblock.c">
      <Filter>Source Files</Filter>
    </ClCompile>
    <ClCompile Include="vtls\nss.c">
      <Filter>Source Files</Filter>
    </ClCompile>
    <ClCompile Include="nwlib.c">
      <Filter>Source Files</Filter>
    </ClCompile>
    <ClCompile Include="nwos.c">
      <Filter>Source Files</Filter>
    </ClCompile>
    <ClCompile Include="openldap.c">
      <Filter>Source Files</Filter>
    </ClCompile>
    <ClCompile Include="vtls\openssl.c">
      <Filter>Source Files</Filter>
    </ClCompile>
    <ClCompile Include="parsedate.c">
      <Filter>Source Files</Filter>
    </ClCompile>
    <ClCompile Include="pingpong.c">
      <Filter>Source Files</Filter>
    </ClCompile>
    <ClCompile Include="pipeline.c">
      <Filter>Source Files</Filter>
    </ClCompile>
    <ClCompile Include="vtls\polarssl.c">
      <Filter>Source Files</Filter>
    </ClCompile>
    <ClCompile Include="vtls\polarssl_threadlock.c">
      <Filter>Source Files</Filter>
    </ClCompile>
    <ClCompile Include="pop3.c">
      <Filter>Source Files</Filter>
    </ClCompile>
    <ClCompile Include="progress.c">
      <Filter>Source Files</Filter>
    </ClCompile>
    <ClCompile Include="rawstr.c">
      <Filter>Source Files</Filter>
    </ClCompile>
    <ClCompile Include="rtsp.c">
      <Filter>Source Files</Filter>
    </ClCompile>
    <ClCompile Include="vtls\schannel.c">
      <Filter>Source Files</Filter>
    </ClCompile>
    <ClCompile Include="security.c">
      <Filter>Source Files</Filter>
    </ClCompile>
    <ClCompile Include="select.c">
      <Filter>Source Files</Filter>
    </ClCompile>
    <ClCompile Include="sendf.c">
      <Filter>Source Files</Filter>
    </ClCompile>
    <ClCompile Include="share.c">
      <Filter>Source Files</Filter>
    </ClCompile>
    <ClCompile Include="slist.c">
      <Filter>Source Files</Filter>
    </ClCompile>
    <ClCompile Include="smb.c">
      <Filter>Source Files</Filter>
    </ClCompile>
    <ClCompile Include="smtp.c">
      <Filter>Source Files</Filter>
    </ClCompile>
    <ClCompile Include="socks.c">
      <Filter>Source Files</Filter>
    </ClCompile>
    <ClCompile Include="socks_gssapi.c">
      <Filter>Source Files</Filter>
    </ClCompile>
    <ClCompile Include="socks_sspi.c">
      <Filter>Source Files</Filter>
    </ClCompile>
    <ClCompile Include="speedcheck.c">
      <Filter>Source Files</Filter>
    </ClCompile>
    <ClCompile Include="splay.c">
      <Filter>Source Files</Filter>
    </ClCompile>
    <ClCompile Include="ssh.c">
      <Filter>Source Files</Filter>
    </ClCompile>
    <ClCompile Include="strdup.c">
      <Filter>Source Files</Filter>
    </ClCompile>
    <ClCompile Include="strequal.c">
      <Filter>Source Files</Filter>
    </ClCompile>
    <ClCompile Include="strerror.c">
      <Filter>Source Files</Filter>
    </ClCompile>
    <ClCompile Include="strtok.c">
      <Filter>Source Files</Filter>
    </ClCompile>
    <ClCompile Include="strtoofft.c">
      <Filter>Source Files</Filter>
    </ClCompile>
    <ClCompile Include="telnet.c">
      <Filter>Source Files</Filter>
    </ClCompile>
    <ClCompile Include="tftp.c">
      <Filter>Source Files</Filter>
    </ClCompile>
    <ClCompile Include="timeval.c">
      <Filter>Source Files</Filter>
    </ClCompile>
    <ClCompile Include="transfer.c">
      <Filter>Source Files</Filter>
    </ClCompile>
    <ClCompile Include="url.c">
      <Filter>Source Files</Filter>
    </ClCompile>
    <ClCompile Include="version.c">
      <Filter>Source Files</Filter>
    </ClCompile>
    <ClCompile Include="vtls\vtls.c">
      <Filter>Source Files</Filter>
    </ClCompile>
    <ClCompile Include="warnless.c">
      <Filter>Source Files</Filter>
    </ClCompile>
    <ClCompile Include="wildcard.c">
      <Filter>Source Files</Filter>
    </ClCompile>
    <ClCompile Include="x509asn1.c">
      <Filter>Source Files</Filter>
    </ClCompile>
    <ClCompile Include="mbedTLS\aes.c">
      <Filter>Source Files</Filter>
    </ClCompile>
    <ClCompile Include="mbedTLS\aesni.c">
      <Filter>Source Files</Filter>
    </ClCompile>
    <ClCompile Include="mbedTLS\arc4.c">
      <Filter>Source Files</Filter>
    </ClCompile>
    <ClCompile Include="mbedTLS\aria.c">
      <Filter>Source Files</Filter>
    </ClCompile>
    <ClCompile Include="mbedTLS\asn1parse.c">
      <Filter>Source Files</Filter>
    </ClCompile>
    <ClCompile Include="mbedTLS\asn1write.c">
      <Filter>Source Files</Filter>
    </ClCompile>
    <ClCompile Include="mbedTLS\base64.c">
      <Filter>Source Files</Filter>
    </ClCompile>
    <ClCompile Include="mbedTLS\bignum.c">
      <Filter>Source Files</Filter>
    </ClCompile>
    <ClCompile Include="mbedTLS\blowfish.c">
      <Filter>Source Files</Filter>
    </ClCompile>
    <ClCompile Include="mbedTLS\camellia.c">
      <Filter>Source Files</Filter>
    </ClCompile>
    <ClCompile Include="mbedTLS\ccm.c">
      <Filter>Source Files</Filter>
    </ClCompile>
    <ClCompile Include="mbedTLS\certs.c">
      <Filter>Source Files</Filter>
    </ClCompile>
    <ClCompile Include="mbedTLS\chacha20.c">
      <Filter>Source Files</Filter>
    </ClCompile>
    <ClCompile Include="mbedTLS\chachapoly.c">
      <Filter>Source Files</Filter>
    </ClCompile>
    <ClCompile Include="mbedTLS\cipher.c">
      <Filter>Source Files</Filter>
    </ClCompile>
    <ClCompile Include="mbedTLS\cipher_wrap.c">
      <Filter>Source Files</Filter>
    </ClCompile>
    <ClCompile Include="mbedTLS\cmac.c">
      <Filter>Source Files</Filter>
    </ClCompile>
    <ClCompile Include="mbedTLS\ctr_drbg.c">
      <Filter>Source Files</Filter>
    </ClCompile>
    <ClCompile Include="mbedTLS\debug.c">
      <Filter>Source Files</Filter>
    </ClCompile>
    <ClCompile Include="mbedTLS\des.c">
      <Filter>Source Files</Filter>
    </ClCompile>
    <ClCompile Include="mbedTLS\dhm.c">
      <Filter>Source Files</Filter>
    </ClCompile>
    <ClCompile Include="mbedTLS\ecdh.c">
      <Filter>Source Files</Filter>
    </ClCompile>
    <ClCompile Include="mbedTLS\ecdsa.c">
      <Filter>Source Files</Filter>
    </ClCompile>
    <ClCompile Include="mbedTLS\ecjpake.c">
      <Filter>Source Files</Filter>
    </ClCompile>
    <ClCompile Include="mbedTLS\ecp.c">
      <Filter>Source Files</Filter>
    </ClCompile>
    <ClCompile Include="mbedTLS\ecp_curves.c">
      <Filter>Source Files</Filter>
    </ClCompile>
    <ClCompile Include="mbedTLS\entropy.c">
      <Filter>Source Files</Filter>
    </ClCompile>
    <ClCompile Include="mbedTLS\entropy_poll.c">
      <Filter>Source Files</Filter>
    </ClCompile>
    <ClCompile Include="mbedTLS\error.c">
      <Filter>Source Files</Filter>
    </ClCompile>
    <ClCompile Include="mbedTLS\gcm.c">
      <Filter>Source Files</Filter>
    </ClCompile>
    <ClCompile Include="mbedTLS\havege.c">
      <Filter>Source Files</Filter>
    </ClCompile>
    <ClCompile Include="mbedTLS\hkdf.c">
      <Filter>Source Files</Filter>
    </ClCompile>
    <ClCompile Include="mbedTLS\hmac_drbg.c">
      <Filter>Source Files</Filter>
    </ClCompile>
    <ClCompile Include="mbedTLS\md.c">
      <Filter>Source Files</Filter>
    </ClCompile>
    <ClCompile Include="mbedTLS\md2.c">
      <Filter>Source Files</Filter>
    </ClCompile>
    <ClCompile Include="mbedTLS\md4.c">
      <Filter>Source Files</Filter>
    </ClCompile>
    <ClCompile Include="mbedTLS\md5.c">
      <Filter>Source Files</Filter>
    </ClCompile>
    <ClCompile Include="mbedTLS\md_wrap.c">
      <Filter>Source Files</Filter>
    </ClCompile>
    <ClCompile Include="mbedTLS\memory_buffer_alloc.c">
      <Filter>Source Files</Filter>
    </ClCompile>
    <ClCompile Include="mbedTLS\net_sockets.c">
      <Filter>Source Files</Filter>
    </ClCompile>
    <ClCompile Include="mbedTLS\nist_kw.c">
      <Filter>Source Files</Filter>
    </ClCompile>
    <ClCompile Include="mbedTLS\oid.c">
      <Filter>Source Files</Filter>
    </ClCompile>
    <ClCompile Include="mbedTLS\padlock.c">
      <Filter>Source Files</Filter>
    </ClCompile>
    <ClCompile Include="mbedTLS\pem.c">
      <Filter>Source Files</Filter>
    </ClCompile>
    <ClCompile Include="mbedTLS\pk.c">
      <Filter>Source Files</Filter>
    </ClCompile>
    <ClCompile Include="mbedTLS\pkcs11.c">
      <Filter>Source Files</Filter>
    </ClCompile>
    <ClCompile Include="mbedTLS\pkcs12.c">
      <Filter>Source Files</Filter>
    </ClCompile>
    <ClCompile Include="mbedTLS\pkcs5.c">
      <Filter>Source Files</Filter>
    </ClCompile>
    <ClCompile Include="mbedTLS\pkparse.c">
      <Filter>Source Files</Filter>
    </ClCompile>
    <ClCompile Include="mbedTLS\pkwrite.c">
      <Filter>Source Files</Filter>
    </ClCompile>
    <ClCompile Include="mbedTLS\pk_wrap.c">
      <Filter>Source Files</Filter>
    </ClCompile>
    <ClCompile Include="mbedTLS\platform.c">
      <Filter>Source Files</Filter>
    </ClCompile>
    <ClCompile Include="mbedTLS\platform_util.c">
      <Filter>Source Files</Filter>
    </ClCompile>
    <ClCompile Include="mbedTLS\poly1305.c">
      <Filter>Source Files</Filter>
    </ClCompile>
    <ClCompile Include="mbedTLS\ripemd160.c">
      <Filter>Source Files</Filter>
    </ClCompile>
    <ClCompile Include="mbedTLS\rsa.c">
      <Filter>Source Files</Filter>
    </ClCompile>
    <ClCompile Include="mbedTLS\rsa_internal.c">
      <Filter>Source Files</Filter>
    </ClCompile>
    <ClCompile Include="mbedTLS\sha1.c">
      <Filter>Source Files</Filter>
    </ClCompile>
    <ClCompile Include="mbedTLS\sha256.c">
      <Filter>Source Files</Filter>
    </ClCompile>
    <ClCompile Include="mbedTLS\sha512.c">
      <Filter>Source Files</Filter>
    </ClCompile>
    <ClCompile Include="mbedTLS\ssl_cache.c">
      <Filter>Source Files</Filter>
    </ClCompile>
    <ClCompile Include="mbedTLS\ssl_ciphersuites.c">
      <Filter>Source Files</Filter>
    </ClCompile>
    <ClCompile Include="mbedTLS\ssl_cli.c">
      <Filter>Source Files</Filter>
    </ClCompile>
    <ClCompile Include="mbedTLS\ssl_cookie.c">
      <Filter>Source Files</Filter>
    </ClCompile>
    <ClCompile Include="mbedTLS\ssl_srv.c">
      <Filter>Source Files</Filter>
    </ClCompile>
    <ClCompile Include="mbedTLS\ssl_ticket.c">
      <Filter>Source Files</Filter>
    </ClCompile>
    <ClCompile Include="mbedTLS\ssl_tls.c">
      <Filter>Source Files</Filter>
    </ClCompile>
    <ClCompile Include="mbedTLS\threading.c">
      <Filter>Source Files</Filter>
    </ClCompile>
    <ClCompile Include="mbedTLS\timing.c">
      <Filter>Source Files</Filter>
    </ClCompile>
    <ClCompile Include="mbedTLS\version.c">
      <Filter>Source Files</Filter>
    </ClCompile>
    <ClCompile Include="mbedTLS\version_features.c">
      <Filter>Source Files</Filter>
    </ClCompile>
    <ClCompile Include="mbedTLS\x509.c">
      <Filter>Source Files</Filter>
    </ClCompile>
    <ClCompile Include="mbedTLS\x509write_crt.c">
      <Filter>Source Files</Filter>
    </ClCompile>
    <ClCompile Include="mbedTLS\x509write_csr.c">
      <Filter>Source Files</Filter>
    </ClCompile>
    <ClCompile Include="mbedTLS\x509_create.c">
      <Filter>Source Files</Filter>
    </ClCompile>
    <ClCompile Include="mbedTLS\x509_crl.c">
      <Filter>Source Files</Filter>
    </ClCompile>
    <ClCompile Include="mbedTLS\x509_crt.c">
      <Filter>Source Files</Filter>
    </ClCompile>
    <ClCompile Include="mbedTLS\x509_csr.c">
      <Filter>Source Files</Filter>
    </ClCompile>
    <ClCompile Include="mbedTLS\xtea.c">
      <Filter>Source Files</Filter>
    </ClCompile>
    <ClCompile Include="vauth\cleartext.c">
      <Filter>Source Files</Filter>
    </ClCompile>
    <ClCompile Include="vauth\cram.c">
      <Filter>Source Files</Filter>
    </ClCompile>
    <ClCompile Include="vauth\digest.c">
      <Filter>Source Files</Filter>
    </ClCompile>
    <ClCompile Include="vauth\digest_sspi.c">
      <Filter>Source Files</Filter>
    </ClCompile>
    <ClCompile Include="vauth\krb5_gssapi.c">
      <Filter>Source Files</Filter>
    </ClCompile>
    <ClCompile Include="vauth\krb5_sspi.c">
      <Filter>Source Files</Filter>
    </ClCompile>
    <ClCompile Include="vauth\ntlm.c">
      <Filter>Source Files</Filter>
    </ClCompile>
    <ClCompile Include="vauth\ntlm_sspi.c">
      <Filter>Source Files</Filter>
    </ClCompile>
    <ClCompile Include="vauth\oauth2.c">
      <Filter>Source Files</Filter>
    </ClCompile>
    <ClCompile Include="vauth\spnego_gssapi.c">
      <Filter>Source Files</Filter>
    </ClCompile>
    <ClCompile Include="vauth\spnego_sspi.c">
      <Filter>Source Files</Filter>
    </ClCompile>
    <ClCompile Include="vauth\vauth.c">
      <Filter>Source Files</Filter>
    </ClCompile>
    <ClCompile Include="..\..\..\..\..\Paul%27s\VC Projects\SVN Projects\AGKTrunk\curl\vtls\mbedtls.c">
      <Filter>Source Files</Filter>
    </ClCompile>
  </ItemGroup>
</Project>