Microsoft Visual Studio Solution File, Format Version 12.00
# Visual Studio Version 17
VisualStudioVersion = 17.0.31903.59
MinimumVisualStudioVersion = 10.0.40219.1
Project("{8BC9CEB8-8B4A-11D0-8D11-00A0C91BC942}") = "Reference", "Reference.vcxproj", "{9FE05ECD-8829-4154-ABE7-1B68C1BB12AE}"
EndProject
Global
	GlobalSection(SolutionConfigurationPlatforms) = preSolution
		Debug|x64 = Debug|x64
		Release|x64 = Release|x64
	EndGlobalSection
	GlobalSection(ProjectConfigurationPlatforms) = postSolution
		{9FE05ECD-8829-4154-ABE7-1B68C1BB12AE}.Debug|x64.ActiveCfg = Debug|x64
		{9FE05ECD-8829-4154-ABE7-1B68C1BB12AE}.Debug|x64.Build.0 = Debug|x64
		{9FE05ECD-8829-4154-ABE7-1B68C1BB12AE}.Release|x64.ActiveCfg = Release|x64
		{9FE05ECD-8829-4154-ABE7-1B68C1BB12AE}.Release|x64.Build.0 = Release|x64
	EndGlobalSection
	GlobalSection(SolutionProperties) = preSolution
		HideSolutionNode = FALSE
	EndGlobalSection
	GlobalSection(ExtensibilityGlobals) = postSolution
		SolutionGuid = {EEF61259-669F-41FA-8380-0F956736009C}
	EndGlobalSection
EndGlobal
